
Microsoft Visual Studio Solution File, Format Version 12.00
# Visual Studio Version 17
VisualStudioVersion = 17.12.35527.113 d17.12
MinimumVisualStudioVersion = 10.0.40219.1
Project("{FAE04EC0-301F-11D3-BF4B-00C04F79EFBC}") = "AwesomePizzaApis", "AwesomePizzaApis.csproj", "{EE1E1F99-680D-4CD9-8825-E89FE76DE658}"
EndProject
Project("{FAE04EC0-301F-11D3-BF4B-00C04F79EFBC}") = "AwesomePizzaApis.Tests", "..\..\..\Desktop\AwesomePizza\AwesomePizzaApis.Tests\AwesomePizzaApis.Tests.csproj", "{EBD698E7-ABA1-43D5-AA60-E4798C88DB47}"
EndProject
Global
	GlobalSection(SolutionConfigurationPlatforms) = preSolution
		Debug|Any CPU = Debug|Any CPU
		Release|Any CPU = Release|Any CPU
	EndGlobalSection
	GlobalSection(ProjectConfigurationPlatforms) = postSolution
		{EE1E1F99-680D-4CD9-8825-E89FE76DE658}.Debug|Any CPU.ActiveCfg = Debug|Any CPU
		{EE1E1F99-680D-4CD9-8825-E89FE76DE658}.Debug|Any CPU.Build.0 = Debug|Any CPU
		{EE1E1F99-680D-4CD9-8825-E89FE76DE658}.Release|Any CPU.ActiveCfg = Release|Any CPU
		{EE1E1F99-680D-4CD9-8825-E89FE76DE658}.Release|Any CPU.Build.0 = Release|Any CPU
		{EBD698E7-ABA1-43D5-AA60-E4798C88DB47}.Debug|Any CPU.ActiveCfg = Debug|Any CPU
		{EBD698E7-ABA1-43D5-AA60-E4798C88DB47}.Debug|Any CPU.Build.0 = Debug|Any CPU
		{EBD698E7-ABA1-43D5-AA60-E4798C88DB47}.Release|Any CPU.ActiveCfg = Release|Any CPU
		{EBD698E7-ABA1-43D5-AA60-E4798C88DB47}.Release|Any CPU.Build.0 = Release|Any CPU
	EndGlobalSection
	GlobalSection(SolutionProperties) = preSolution
		HideSolutionNode = FALSE
	EndGlobalSection
EndGlobal
